
Microsoft Visual Studio Solution File, Format Version 12.00
# Visual Studio Version 17
VisualStudioVersion = 17.7.34018.315
MinimumVisualStudioVersion = 10.0.40219.1
Project("{2150E333-8FDC-42A3-9474-1A3956D46DE8}") = "src", "src", "{6B10113D-E1AD-4A33-A492-E9264241523A}"
EndProject
Project("{2150E333-8FDC-42A3-9474-1A3956D46DE8}") = "Building Blocks", "Building Blocks", "{E7EAC06D-D520-470E-AD61-AC271D9C1CBE}"
EndProject
Project("{2150E333-8FDC-42A3-9474-1A3956D46DE8}") = "Web", "Web", "{BB804780-A573-4D83-A242-D3F78290D30C}"
EndProject
Project("{2150E333-8FDC-42A3-9474-1A3956D46DE8}") = "Services", "Services", "{0B9C7B31-7F29-41CE-8F05-71A09AAD2290}"
EndProject
Project("{2150E333-8FDC-42A3-9474-1A3956D46DE8}") = "Identidade", "Identidade", "{FA367B4D-B5F6-44C9-88BD-CBB5A95AFE59}"
EndProject
Project("{2150E333-8FDC-42A3-9474-1A3956D46DE8}") = "MVC", "MVC", "{BC8C2335-F9A5-41F5-8207-3968A88D98FE}"
EndProject
Project("{2150E333-8FDC-42A3-9474-1A3956D46DE8}") = "Core", "Core", "{50829169-87FA-479C-AC58-AE1EAF800DD4}"
EndProject
Project("{2150E333-8FDC-42A3-9474-1A3956D46DE8}") = "Carrinho", "Carrinho", "{F650C3C6-3F5D-47E1-8946-5AD3511A14C2}"
EndProject
Project("{FAE04EC0-301F-11D3-BF4B-00C04F79EFBC}") = "NSE.Identidade.API", "src\services\NSE.Identidade.API\NSE.Identidade.API\NSE.Identidade.API.csproj", "{788E76EE-33EB-4C66-A1E4-2AA57E4D5D69}"
EndProject
Project("{FAE04EC0-301F-11D3-BF4B-00C04F79EFBC}") = "NSE.Carrinho.API", "src\services\NSE.Carrinho.API\NSE.Carrinho.API.csproj", "{3C465B87-A292-4C3A-B17E-89BD3FBF3865}"
EndProject
Project("{2150E333-8FDC-42A3-9474-1A3956D46DE8}") = "Catalogo", "Catalogo", "{3830DBB1-F308-49C6-BF69-DF606235A241}"
EndProject
Project("{FAE04EC0-301F-11D3-BF4B-00C04F79EFBC}") = "NSE.Catalogo.API", "src\services\NSE.Catalogo.API\NSE.Catalogo.API.csproj", "{A8C53B77-B833-408B-9805-73BF4963D39E}"
EndProject
Project("{2150E333-8FDC-42A3-9474-1A3956D46DE8}") = "Cliente", "Cliente", "{F4A703FA-3166-4713-BD17-73CB079BBF89}"
EndProject
Project("{FAE04EC0-301F-11D3-BF4B-00C04F79EFBC}") = "NSE.Cliente", "src\services\NSE.Cliente\NSE.Cliente.csproj", "{AC0541D6-0428-4BD0-BAA2-B10AFC9DB1B2}"
EndProject
Project("{2150E333-8FDC-42A3-9474-1A3956D46DE8}") = "Pedido", "Pedido", "{DC53D00E-C4B4-47E2-ABA3-B80A4E8BA769}"
EndProject
Project("{FAE04EC0-301F-11D3-BF4B-00C04F79EFBC}") = "NSE.Pedido.API", "src\services\NSE.Pedido.API\NSE.Pedido.API.csproj", "{FD7DE929-6AE1-4F06-B456-E7700AA2B2D5}"
EndProject
Project("{2150E333-8FDC-42A3-9474-1A3956D46DE8}") = "Pagamento", "Pagamento", "{522ED0F9-6FE3-4737-B433-22ADD8AA9B1E}"
EndProject
Project("{FAE04EC0-301F-11D3-BF4B-00C04F79EFBC}") = "NSE.Pagamento.API", "src\services\NSE.Pagamento.API\NSE.Pagamento.API.csproj", "{EDE1BA76-CC13-49E4-B5A6-3870B3912A3D}"
EndProject
Project("{FAE04EC0-301F-11D3-BF4B-00C04F79EFBC}") = "NSE.WebApp.MVC", "src\web\NSE.WebApp.MVC\NSE.WebApp.MVC.csproj", "{F7CEEAEC-3295-4299-BCD0-35FD7B3CF3C0}"
EndProject
Project("{FAE04EC0-301F-11D3-BF4B-00C04F79EFBC}") = "NSE.Core", "src\building blocks\NSE.Core\NSE.Core\NSE.Core.csproj", "{899AF1C3-2C0D-45E5-8DC7-A58F5D519B00}"
EndProject
Global
	GlobalSection(SolutionConfigurationPlatforms) = preSolution
		Debug|Any CPU = Debug|Any CPU
		Release|Any CPU = Release|Any CPU
	EndGlobalSection
	GlobalSection(ProjectConfigurationPlatforms) = postSolution
		{788E76EE-33EB-4C66-A1E4-2AA57E4D5D69}.Debug|Any CPU.ActiveCfg = Debug|Any CPU
		{788E76EE-33EB-4C66-A1E4-2AA57E4D5D69}.Debug|Any CPU.Build.0 = Debug|Any CPU
		{788E76EE-33EB-4C66-A1E4-2AA57E4D5D69}.Release|Any CPU.ActiveCfg = Release|Any CPU
		{788E76EE-33EB-4C66-A1E4-2AA57E4D5D69}.Release|Any CPU.Build.0 = Release|Any CPU
		{3C465B87-A292-4C3A-B17E-89BD3FBF3865}.Debug|Any CPU.ActiveCfg = Debug|Any CPU
		{3C465B87-A292-4C3A-B17E-89BD3FBF3865}.Debug|Any CPU.Build.0 = Debug|Any CPU
		{3C465B87-A292-4C3A-B17E-89BD3FBF3865}.Release|Any CPU.ActiveCfg = Release|Any CPU
		{3C465B87-A292-4C3A-B17E-89BD3FBF3865}.Release|Any CPU.Build.0 = Release|Any CPU
		{A8C53B77-B833-408B-9805-73BF4963D39E}.Debug|Any CPU.ActiveCfg = Debug|Any CPU
		{A8C53B77-B833-408B-9805-73BF4963D39E}.Debug|Any CPU.Build.0 = Debug|Any CPU
		{A8C53B77-B833-408B-9805-73BF4963D39E}.Release|Any CPU.ActiveCfg = Release|Any CPU
		{A8C53B77-B833-408B-9805-73BF4963D39E}.Release|Any CPU.Build.0 = Release|Any CPU
		{AC0541D6-0428-4BD0-BAA2-B10AFC9DB1B2}.Debug|Any CPU.ActiveCfg = Debug|Any CPU
		{AC0541D6-0428-4BD0-BAA2-B10AFC9DB1B2}.Debug|Any CPU.Build.0 = Debug|Any CPU
		{AC0541D6-0428-4BD0-BAA2-B10AFC9DB1B2}.Release|Any CPU.ActiveCfg = Release|Any CPU
		{AC0541D6-0428-4BD0-BAA2-B10AFC9DB1B2}.Release|Any CPU.Build.0 = Release|Any CPU
		{FD7DE929-6AE1-4F06-B456-E7700AA2B2D5}.Debug|Any CPU.ActiveCfg = Debug|Any CPU
		{FD7DE929-6AE1-4F06-B456-E7700AA2B2D5}.Debug|Any CPU.Build.0 = Debug|Any CPU
		{FD7DE929-6AE1-4F06-B456-E7700AA2B2D5}.Release|Any CPU.ActiveCfg = Release|Any CPU
		{FD7DE929-6AE1-4F06-B456-E7700AA2B2D5}.Release|Any CPU.Build.0 = Release|Any CPU
		{EDE1BA76-CC13-49E4-B5A6-3870B3912A3D}.Debug|Any CPU.ActiveCfg = Debug|Any CPU
		{EDE1BA76-CC13-49E4-B5A6-3870B3912A3D}.Debug|Any CPU.Build.0 = Debug|Any CPU
		{EDE1BA76-CC13-49E4-B5A6-3870B3912A3D}.Release|Any CPU.ActiveCfg = Release|Any CPU
		{EDE1BA76-CC13-49E4-B5A6-3870B3912A3D}.Release|Any CPU.Build.0 = Release|Any CPU
		{F7CEEAEC-3295-4299-BCD0-35FD7B3CF3C0}.Debug|Any CPU.ActiveCfg = Debug|Any CPU
		{F7CEEAEC-3295-4299-BCD0-35FD7B3CF3C0}.Debug|Any CPU.Build.0 = Debug|Any CPU
		{F7CEEAEC-3295-4299-BCD0-35FD7B3CF3C0}.Release|Any CPU.ActiveCfg = Release|Any CPU
		{F7CEEAEC-3295-4299-BCD0-35FD7B3CF3C0}.Release|Any CPU.Build.0 = Release|Any CPU
		{899AF1C3-2C0D-45E5-8DC7-A58F5D519B00}.Debug|Any CPU.ActiveCfg = Debug|Any CPU
		{899AF1C3-2C0D-45E5-8DC7-A58F5D519B00}.Debug|Any CPU.Build.0 = Debug|Any CPU
		{899AF1C3-2C0D-45E5-8DC7-A58F5D519B00}.Release|Any CPU.ActiveCfg = Release|Any CPU
		{899AF1C3-2C0D-45E5-8DC7-A58F5D519B00}.Release|Any CPU.Build.0 = Release|Any CPU
	EndGlobalSection
	GlobalSection(SolutionProperties) = preSolution
		HideSolutionNode = FALSE
	EndGlobalSection
	GlobalSection(NestedProjects) = preSolution
		{E7EAC06D-D520-470E-AD61-AC271D9C1CBE} = {6B10113D-E1AD-4A33-A492-E9264241523A}
		{BB804780-A573-4D83-A242-D3F78290D30C} = {6B10113D-E1AD-4A33-A492-E9264241523A}
		{0B9C7B31-7F29-41CE-8F05-71A09AAD2290} = {6B10113D-E1AD-4A33-A492-E9264241523A}
		{FA367B4D-B5F6-44C9-88BD-CBB5A95AFE59} = {0B9C7B31-7F29-41CE-8F05-71A09AAD2290}
		{BC8C2335-F9A5-41F5-8207-3968A88D98FE} = {BB804780-A573-4D83-A242-D3F78290D30C}
		{50829169-87FA-479C-AC58-AE1EAF800DD4} = {E7EAC06D-D520-470E-AD61-AC271D9C1CBE}
		{F650C3C6-3F5D-47E1-8946-5AD3511A14C2} = {0B9C7B31-7F29-41CE-8F05-71A09AAD2290}
		{788E76EE-33EB-4C66-A1E4-2AA57E4D5D69} = {FA367B4D-B5F6-44C9-88BD-CBB5A95AFE59}
		{3C465B87-A292-4C3A-B17E-89BD3FBF3865} = {F650C3C6-3F5D-47E1-8946-5AD3511A14C2}
		{3830DBB1-F308-49C6-BF69-DF606235A241} = {0B9C7B31-7F29-41CE-8F05-71A09AAD2290}
		{A8C53B77-B833-408B-9805-73BF4963D39E} = {3830DBB1-F308-49C6-BF69-DF606235A241}
		{F4A703FA-3166-4713-BD17-73CB079BBF89} = {0B9C7B31-7F29-41CE-8F05-71A09AAD2290}
		{AC0541D6-0428-4BD0-BAA2-B10AFC9DB1B2} = {F4A703FA-3166-4713-BD17-73CB079BBF89}
		{DC53D00E-C4B4-47E2-ABA3-B80A4E8BA769} = {0B9C7B31-7F29-41CE-8F05-71A09AAD2290}
		{FD7DE929-6AE1-4F06-B456-E7700AA2B2D5} = {DC53D00E-C4B4-47E2-ABA3-B80A4E8BA769}
		{522ED0F9-6FE3-4737-B433-22ADD8AA9B1E} = {0B9C7B31-7F29-41CE-8F05-71A09AAD2290}
		{EDE1BA76-CC13-49E4-B5A6-3870B3912A3D} = {522ED0F9-6FE3-4737-B433-22ADD8AA9B1E}
		{F7CEEAEC-3295-4299-BCD0-35FD7B3CF3C0} = {BC8C2335-F9A5-41F5-8207-3968A88D98FE}
		{899AF1C3-2C0D-45E5-8DC7-A58F5D519B00} = {50829169-87FA-479C-AC58-AE1EAF800DD4}
	EndGlobalSection
	GlobalSection(ExtensibilityGlobals) = postSolution
		SolutionGuid = {61F7E813-37BD-41DF-8236-A6CE773D593B}
	EndGlobalSection
EndGlobal
